{
    "name": "example-build-lambda-py-cli",
    "version": "1.0.0",
    "lockfileVersion": 3,
    "requires": true,
    "packages": {
        "": {
            "name": "example-build-lambda-py-cli",
            "version": "1.0.0",
            "license": "ISC",
            "dependencies": {
                "lambda": "file:./node_modules/@-0/build-lambda-py"
            },
            "devDependencies": {
                "@-0/build-lambda-py": "^1.0.3"
            }
        },
        "node_modules/@-0/build-lambda-py": {
            "version": "1.0.3",
            "resolved": "https://registry.npmjs.org/@-0/build-lambda-py/-/build-lambda-py-1.0.3.tgz",
            "integrity": "sha512-/+Bzuowi2UNsiJnW1IqWRz/dDTVC36yFJpnAzqYxiMaAvMTTIWWlO8LOSrJ6ZE8Ms5jPbXih7DEd1dtKEeJvLw==",
            "dependencies": {
                "commander": "^11.0.0"
            },
            "bin": {
                "lambda": "index.js"
            }
        },
        "node_modules/commander": {
            "version": "11.0.0",
            "resolved": "https://registry.npmjs.org/commander/-/commander-11.0.0.tgz",
            "integrity": "sha512-9HMlXtt/BNoYr8ooyjjNRdIilOTkVJXB+GhxMTtOKwk0R4j4lS4NpjuqmRxroBfnfTSHQIHQB7wryHhXarNjmQ==",
            "engines": {
                "node": ">=16"
            }
        },
        "node_modules/lambda": {
            "resolved": "node_modules/@-0/build-lambda-py",
            "link": true
        }
    }
}
